
Microsoft Visual Studio Solution File, Format Version 12.00
# Visual Studio Version 17
VisualStudioVersion = 17.9.34723.18
MinimumVisualStudioVersion = 10.0.40219.1
Project("{FAE04EC0-301F-11D3-BF4B-00C04F79EFBC}") = "Sword of Soul", "Sword of Soul\Sword of Soul.csproj", "{25C33948-753D-495C-9395-663CC6C6995D}"
EndProject
Global
	GlobalSection(SolutionConfigurationPlatforms) = preSolution
		Debug|Any CPU = Debug|Any CPU
		Release|Any CPU = Release|Any CPU
	EndGlobalSection
	GlobalSection(ProjectConfigurationPlatforms) = postSolution
		{25C33948-753D-495C-9395-663CC6C6995D}.Debug|Any CPU.ActiveCfg = Debug|Any CPU
		{25C33948-753D-495C-9395-663CC6C6995D}.Debug|Any CPU.Build.0 = Debug|Any CPU
		{25C33948-753D-495C-9395-663CC6C6995D}.Release|Any CPU.ActiveCfg = Release|Any CPU
		{25C33948-753D-495C-9395-663CC6C6995D}.Release|Any CPU.Build.0 = Release|Any CPU
	EndGlobalSection
	GlobalSection(SolutionProperties) = preSolution
		HideSolutionNode = FALSE
	EndGlobalSection
	GlobalSection(ExtensibilityGlobals) = postSolution
		SolutionGuid = {7DF5B84A-665C-4D2B-ACF6-00C199A7255E}
	EndGlobalSection
EndGlobal
